
Microsoft Visual Studio Solution File, Format Version 12.00
# Visual Studio Version 17
VisualStudioVersion = 17.5.33627.172
MinimumVisualStudioVersion = 10.0.40219.1
Project("{FAE04EC0-301F-11D3-BF4B-00C04F79EFBC}") = "HmFetchTextServer", "HmFetchTextServer\HmFetchTextServer.csproj", "{B97EABFB-313C-4F54-ABD7-5EB7E592BD6B}"
EndProject
Global
	GlobalSection(SolutionConfigurationPlatforms) = preSolution
		Debug|Any CPU = Debug|Any CPU
		Release|Any CPU = Release|Any CPU
	EndGlobalSection
	GlobalSection(ProjectConfigurationPlatforms) = postSolution
		{B97EABFB-313C-4F54-ABD7-5EB7E592BD6B}.Debug|Any CPU.ActiveCfg = Debug|Any CPU
		{B97EABFB-313C-4F54-ABD7-5EB7E592BD6B}.Debug|Any CPU.Build.0 = Debug|Any CPU
		{B97EABFB-313C-4F54-ABD7-5EB7E592BD6B}.Release|Any CPU.ActiveCfg = Release|Any CPU
		{B97EABFB-313C-4F54-ABD7-5EB7E592BD6B}.Release|Any CPU.Build.0 = Release|Any CPU
	EndGlobalSection
	GlobalSection(SolutionProperties) = preSolution
		HideSolutionNode = FALSE
	EndGlobalSection
	GlobalSection(ExtensibilityGlobals) = postSolution
		SolutionGuid = {28CD60A1-2C85-42AE-BF3E-2F413784272E}
	EndGlobalSection
EndGlobal
